Microsoft Visual Studio Solution File, Format Version 12.00
# Visual Studio Version 17
VisualStudioVersion = 17.5.2.0
MinimumVisualStudioVersion = 10.0.40219.1
Project("{FAE04EC0-301F-11D3-BF4B-00C04F79EFBC}") = "04_ElementSelection", "04_ElementSelection.csproj", "{7A38E76D-4B00-6356-B0FC-DADEC8F0CF30}"
EndProject
Global
	GlobalSection(SolutionConfigurationPlatforms) = preSolution
		Debug|Any CPU = Debug|Any CPU
		Release|Any CPU = Release|Any CPU
	EndGlobalSection
	GlobalSection(ProjectConfigurationPlatforms) = postSolution
		{7A38E76D-4B00-6356-B0FC-DADEC8F0CF30}.Debug|Any CPU.ActiveCfg = Debug|Any CPU
		{7A38E76D-4B00-6356-B0FC-DADEC8F0CF30}.Debug|Any CPU.Build.0 = Debug|Any CPU
		{7A38E76D-4B00-6356-B0FC-DADEC8F0CF30}.Release|Any CPU.ActiveCfg = Release|Any CPU
		{7A38E76D-4B00-6356-B0FC-DADEC8F0CF30}.Release|Any CPU.Build.0 = Release|Any CPU
	EndGlobalSection
	GlobalSection(SolutionProperties) = preSolution
		HideSolutionNode = FALSE
	EndGlobalSection
	GlobalSection(ExtensibilityGlobals) = postSolution
		SolutionGuid = {232CCE22-F213-4883-BD64-1EA3D23A8DF6}
	EndGlobalSection
EndGlobal
