Microsoft Visual Studio Solution File, Format Version 12.00
# Visual Studio Version 17
VisualStudioVersion = 17.5.2.0
MinimumVisualStudioVersion = 10.0.40219.1
Project("{FAE04EC0-301F-11D3-BF4B-00C04F79EFBC}") = "05_TypesVsInstances", "05_TypesVsInstances.csproj", "{40C499F5-1633-87F8-10A1-F2D4D67F9FFD}"
EndProject
Global
	GlobalSection(SolutionConfigurationPlatforms) = preSolution
		Debug|Any CPU = Debug|Any CPU
		Release|Any CPU = Release|Any CPU
	EndGlobalSection
	GlobalSection(ProjectConfigurationPlatforms) = postSolution
		{40C499F5-1633-87F8-10A1-F2D4D67F9FFD}.Debug|Any CPU.ActiveCfg = Debug|Any CPU
		{40C499F5-1633-87F8-10A1-F2D4D67F9FFD}.Debug|Any CPU.Build.0 = Debug|Any CPU
		{40C499F5-1633-87F8-10A1-F2D4D67F9FFD}.Release|Any CPU.ActiveCfg = Release|Any CPU
		{40C499F5-1633-87F8-10A1-F2D4D67F9FFD}.Release|Any CPU.Build.0 = Release|Any CPU
	EndGlobalSection
	GlobalSection(SolutionProperties) = preSolution
		HideSolutionNode = FALSE
	EndGlobalSection
	GlobalSection(ExtensibilityGlobals) = postSolution
		SolutionGuid = {55C800DC-FA9D-4A82-AFE4-8FD5131724BB}
	EndGlobalSection
EndGlobal
