Microsoft Visual Studio Solution File, Format Version 12.00
# Visual Studio Version 17
VisualStudioVersion = 17.5.2.0
MinimumVisualStudioVersion = 10.0.40219.1
Project("{FAE04EC0-301F-11D3-BF4B-00C04F79EFBC}") = "04_BulkUpdates", "04_BulkUpdates.csproj", "{AD68AA91-0F9B-F07C-AE93-FDF39C97A992}"
EndProject
Global
	GlobalSection(SolutionConfigurationPlatforms) = preSolution
		Debug|Any CPU = Debug|Any CPU
		Release|Any CPU = Release|Any CPU
	EndGlobalSection
	GlobalSection(ProjectConfigurationPlatforms) = postSolution
		{AD68AA91-0F9B-F07C-AE93-FDF39C97A992}.Debug|Any CPU.ActiveCfg = Debug|Any CPU
		{AD68AA91-0F9B-F07C-AE93-FDF39C97A992}.Debug|Any CPU.Build.0 = Debug|Any CPU
		{AD68AA91-0F9B-F07C-AE93-FDF39C97A992}.Release|Any CPU.ActiveCfg = Release|Any CPU
		{AD68AA91-0F9B-F07C-AE93-FDF39C97A992}.Release|Any CPU.Build.0 = Release|Any CPU
	EndGlobalSection
	GlobalSection(SolutionProperties) = preSolution
		HideSolutionNode = FALSE
	EndGlobalSection
	GlobalSection(ExtensibilityGlobals) = postSolution
		SolutionGuid = {80E795D1-A9F2-4492-BCC7-7B189DD55ED2}
	EndGlobalSection
EndGlobal
